
Microsoft Visual Studio Solution File, Format Version 12.00
# Visual Studio Version 16
VisualStudioVersion = 16.0.37206.5
MinimumVisualStudioVersion = 10.0.40219.1
Project("{FAE04EC0-301F-11D3-BF4B-00C04F79EFBC}") = "Web Forms Boostrap5.3", "Web Forms Boostrap5.3\Web Forms Boostrap5.3.csproj", "{08F081ED-A249-42BF-A5B7-8BF263925022}"
EndProject
Global
	GlobalSection(SolutionConfigurationPlatforms) = preSolution
		Debug|Any CPU = Debug|Any CPU
		Release|Any CPU = Release|Any CPU
	EndGlobalSection
	GlobalSection(ProjectConfigurationPlatforms) = postSolution
		{08F081ED-A249-42BF-A5B7-8BF263925022}.Debug|Any CPU.ActiveCfg = Debug|Any CPU
		{08F081ED-A249-42BF-A5B7-8BF263925022}.Debug|Any CPU.Build.0 = Debug|Any CPU
		{08F081ED-A249-42BF-A5B7-8BF263925022}.Release|Any CPU.ActiveCfg = Release|Any CPU
		{08F081ED-A249-42BF-A5B7-8BF263925022}.Release|Any CPU.Build.0 = Release|Any CPU
	EndGlobalSection
	GlobalSection(SolutionProperties) = preSolution
		HideSolutionNode = FALSE
	EndGlobalSection
	GlobalSection(ExtensibilityGlobals) = postSolution
		SolutionGuid = {33E32F2C-97E7-4287-B2A0-CB0EBFD811D3}
	EndGlobalSection
EndGlobal
